
Microsoft Visual Studio Solution File, Format Version 12.00
# Visual Studio Version 17
VisualStudioVersion = 17.4.33122.133
MinimumVisualStudioVersion = 10.0.40219.1
Project("{FAE04EC0-301F-11D3-BF4B-00C04F79EFBC}") = "ProvaApiFootball", "ProvaApiFootball.csproj", "{C328E011-E5D6-4F8D-B09D-68C3A3334C8F}"
EndProject
Global
	GlobalSection(SolutionConfigurationPlatforms) = preSolution
		Debug|Any CPU = Debug|Any CPU
		Release|Any CPU = Release|Any CPU
	EndGlobalSection
	GlobalSection(ProjectConfigurationPlatforms) = postSolution
		{C328E011-E5D6-4F8D-B09D-68C3A3334C8F}.Debug|Any CPU.ActiveCfg = Debug|Any CPU
		{C328E011-E5D6-4F8D-B09D-68C3A3334C8F}.Debug|Any CPU.Build.0 = Debug|Any CPU
		{C328E011-E5D6-4F8D-B09D-68C3A3334C8F}.Release|Any CPU.ActiveCfg = Release|Any CPU
		{C328E011-E5D6-4F8D-B09D-68C3A3334C8F}.Release|Any CPU.Build.0 = Release|Any CPU
	EndGlobalSection
	GlobalSection(SolutionProperties) = preSolution
		HideSolutionNode = FALSE
	EndGlobalSection
	GlobalSection(ExtensibilityGlobals) = postSolution
		SolutionGuid = {BB99A0E2-8450-4ED5-9A88-744AB67350F5}
	EndGlobalSection
EndGlobal
