
Microsoft Visual Studio Solution File, Format Version 12.00
# Visual Studio Version 17
VisualStudioVersion = 17.7.34031.279
MinimumVisualStudioVersion = 10.0.40219.1
Project("{9A19103F-16F7-4668-BE54-9A1E7A4F7556}") = "test_api_football", "test_api_football\test_api_football.csproj", "{71E43F43-EDD1-461A-8665-9DA20DAEE7F9}"
EndProject
Project("{9A19103F-16F7-4668-BE54-9A1E7A4F7556}") = "SettingProxy", "SettingProxy\SettingProxy.csproj", "{C1376FE2-1E1F-4538-852B-B71D3F1FF430}"
EndProject
Global
	GlobalSection(SolutionConfigurationPlatforms) = preSolution
		Debug|Any CPU = Debug|Any CPU
		Release|Any CPU = Release|Any CPU
	EndGlobalSection
	GlobalSection(ProjectConfigurationPlatforms) = postSolution
		{71E43F43-EDD1-461A-8665-9DA20DAEE7F9}.Debug|Any CPU.ActiveCfg = Debug|Any CPU
		{71E43F43-EDD1-461A-8665-9DA20DAEE7F9}.Debug|Any CPU.Build.0 = Debug|Any CPU
		{71E43F43-EDD1-461A-8665-9DA20DAEE7F9}.Release|Any CPU.ActiveCfg = Release|Any CPU
		{71E43F43-EDD1-461A-8665-9DA20DAEE7F9}.Release|Any CPU.Build.0 = Release|Any CPU
		{C1376FE2-1E1F-4538-852B-B71D3F1FF430}.Debug|Any CPU.ActiveCfg = Debug|Any CPU
		{C1376FE2-1E1F-4538-852B-B71D3F1FF430}.Debug|Any CPU.Build.0 = Debug|Any CPU
		{C1376FE2-1E1F-4538-852B-B71D3F1FF430}.Release|Any CPU.ActiveCfg = Release|Any CPU
		{C1376FE2-1E1F-4538-852B-B71D3F1FF430}.Release|Any CPU.Build.0 = Release|Any CPU
	EndGlobalSection
	GlobalSection(SolutionProperties) = preSolution
		HideSolutionNode = FALSE
	EndGlobalSection
	GlobalSection(ExtensibilityGlobals) = postSolution
		SolutionGuid = {6E7F518C-3EC9-48AF-8C64-9074E1B7D3A6}
	EndGlobalSection
EndGlobal
